# This file is automatically @generated by Cargo.
# It is not intended for manual editing.
version = 3

[[package]]
name = "provider"
version = "0.1.0"

[[package]]
name = "ra-repro"
version = "0.1.0"
dependencies = [
 "re_exporter",
]

[[package]]
name = "re_exporter"
version = "0.1.0"
dependencies = [
 "provider",
]
